
Microsoft Visual Studio Solution File, Format Version 12.00
# Visual Studio Version 17
VisualStudioVersion = 17.2.32616.157
MinimumVisualStudioVersion = 10.0.40219.1
Project("{9A19103F-16F7-4668-BE54-9A1E7A4F7556}") = "ProductGrpc", "ProductGrpc\ProductGrpc.csproj", "{8E9EFE60-D174-4070-9718-05151D6E86C2}"
EndProject
Project("{FAE04EC0-301F-11D3-BF4B-00C04F79EFBC}") = "ProductGrpcClient", "ProductGrpcClient\ProductGrpcClient.csproj", "{C90C8EB2-C86F-458F-AC40-C5BB73B15CCD}"
EndProject
Project("{FAE04EC0-301F-11D3-BF4B-00C04F79EFBC}") = "ProductGrpcTests", "ProductGrpcTests\ProductGrpcTests.csproj", "{6011CF9F-0E84-4F62-8C1A-9EA6DD75B69B}"
EndProject
Global
	GlobalSection(SolutionConfigurationPlatforms) = preSolution
		Debug|Any CPU = Debug|Any CPU
		Release|Any CPU = Release|Any CPU
	EndGlobalSection
	GlobalSection(ProjectConfigurationPlatforms) = postSolution
		{8E9EFE60-D174-4070-9718-05151D6E86C2}.Debug|Any CPU.ActiveCfg = Debug|Any CPU
		{8E9EFE60-D174-4070-9718-05151D6E86C2}.Debug|Any CPU.Build.0 = Debug|Any CPU
		{8E9EFE60-D174-4070-9718-05151D6E86C2}.Release|Any CPU.ActiveCfg = Release|Any CPU
		{8E9EFE60-D174-4070-9718-05151D6E86C2}.Release|Any CPU.Build.0 = Release|Any CPU
		{C90C8EB2-C86F-458F-AC40-C5BB73B15CCD}.Debug|Any CPU.ActiveCfg = Debug|Any CPU
		{C90C8EB2-C86F-458F-AC40-C5BB73B15CCD}.Debug|Any CPU.Build.0 = Debug|Any CPU
		{C90C8EB2-C86F-458F-AC40-C5BB73B15CCD}.Release|Any CPU.ActiveCfg = Release|Any CPU
		{C90C8EB2-C86F-458F-AC40-C5BB73B15CCD}.Release|Any CPU.Build.0 = Release|Any CPU
		{6011CF9F-0E84-4F62-8C1A-9EA6DD75B69B}.Debug|Any CPU.ActiveCfg = Debug|Any CPU
		{6011CF9F-0E84-4F62-8C1A-9EA6DD75B69B}.Debug|Any CPU.Build.0 = Debug|Any CPU
		{6011CF9F-0E84-4F62-8C1A-9EA6DD75B69B}.Release|Any CPU.ActiveCfg = Release|Any CPU
		{6011CF9F-0E84-4F62-8C1A-9EA6DD75B69B}.Release|Any CPU.Build.0 = Release|Any CPU
	EndGlobalSection
	GlobalSection(SolutionProperties) = preSolution
		HideSolutionNode = FALSE
	EndGlobalSection
	GlobalSection(ExtensibilityGlobals) = postSolution
		SolutionGuid = {213477BD-83DB-4C7B-B98E-A6F64B0F47C3}
	EndGlobalSection
EndGlobal
